
Microsoft Visual Studio Solution File, Format Version 12.00
# Visual Studio Version 17
VisualStudioVersion = 17.5.33424.131
MinimumVisualStudioVersion = 10.0.40219.1
Project("{FAE04EC0-301F-11D3-BF4B-00C04F79EFBC}") = "SupermarketWEB", "SupermarketWEB.csproj", "{52277EAC-F2CE-42DF-AFDC-C9A2D6E59AB6}"
EndProject
Global
	GlobalSection(SolutionConfigurationPlatforms) = preSolution
		Debug|Any CPU = Debug|Any CPU
		Release|Any CPU = Release|Any CPU
	EndGlobalSection
	GlobalSection(ProjectConfigurationPlatforms) = postSolution
		{52277EAC-F2CE-42DF-AFDC-C9A2D6E59AB6}.Debug|Any CPU.ActiveCfg = Debug|Any CPU
		{52277EAC-F2CE-42DF-AFDC-C9A2D6E59AB6}.Debug|Any CPU.Build.0 = Debug|Any CPU
		{52277EAC-F2CE-42DF-AFDC-C9A2D6E59AB6}.Release|Any CPU.ActiveCfg = Release|Any CPU
		{52277EAC-F2CE-42DF-AFDC-C9A2D6E59AB6}.Release|Any CPU.Build.0 = Release|Any CPU
	EndGlobalSection
	GlobalSection(SolutionProperties) = preSolution
		HideSolutionNode = FALSE
	EndGlobalSection
	GlobalSection(ExtensibilityGlobals) = postSolution
		SolutionGuid = {F05931B0-A08B-4182-827E-8A52656E2009}
	EndGlobalSection
EndGlobal
